
Microsoft Visual Studio Solution File, Format Version 12.00
# Visual Studio 15
VisualStudioVersion = 15.0.28010.2016
MinimumVisualStudioVersion = 10.0.40219.1
Project("{FAE04EC0-301F-11D3-BF4B-00C04F79EFBC}") = "Calculadora", "Calculadora\Calculadora.csproj", "{A55BD51A-0F4F-4D3A-A44F-625FC145372E}"
EndProject
Global
	GlobalSection(SolutionConfigurationPlatforms) = preSolution
		Debug|Any CPU = Debug|Any CPU
		Release|Any CPU = Release|Any CPU
	EndGlobalSection
	GlobalSection(ProjectConfigurationPlatforms) = postSolution
		{A55BD51A-0F4F-4D3A-A44F-625FC145372E}.Debug|Any CPU.ActiveCfg = Debug|Any CPU
		{A55BD51A-0F4F-4D3A-A44F-625FC145372E}.Debug|Any CPU.Build.0 = Debug|Any CPU
		{A55BD51A-0F4F-4D3A-A44F-625FC145372E}.Release|Any CPU.ActiveCfg = Release|Any CPU
		{A55BD51A-0F4F-4D3A-A44F-625FC145372E}.Release|Any CPU.Build.0 = Release|Any CPU
	EndGlobalSection
	GlobalSection(SolutionProperties) = preSolution
		HideSolutionNode = FALSE
	EndGlobalSection
	GlobalSection(ExtensibilityGlobals) = postSolution
		SolutionGuid = {9B295326-DCC6-4851-8414-9B59061A5C0B}
	EndGlobalSection
EndGlobal
