
Microsoft Visual Studio Solution File, Format Version 12.00
# Visual Studio 15
VisualStudioVersion = 15.0.28010.2016
MinimumVisualStudioVersion = 10.0.40219.1
Project("{FAE04EC0-301F-11D3-BF4B-00C04F79EFBC}") = "WindowsFormsApp1", "WindowsFormsApp1\WindowsFormsApp1.csproj", "{6E93EB3D-6602-4444-BFD6-47BF0D7CEBC7}"
EndProject
Global
	GlobalSection(SolutionConfigurationPlatforms) = preSolution
		Debug|Any CPU = Debug|Any CPU
		Release|Any CPU = Release|Any CPU
	EndGlobalSection
	GlobalSection(ProjectConfigurationPlatforms) = postSolution
		{6E93EB3D-6602-4444-BFD6-47BF0D7CEBC7}.Debug|Any CPU.ActiveCfg = Debug|Any CPU
		{6E93EB3D-6602-4444-BFD6-47BF0D7CEBC7}.Debug|Any CPU.Build.0 = Debug|Any CPU
		{6E93EB3D-6602-4444-BFD6-47BF0D7CEBC7}.Release|Any CPU.ActiveCfg = Release|Any CPU
		{6E93EB3D-6602-4444-BFD6-47BF0D7CEBC7}.Release|Any CPU.Build.0 = Release|Any CPU
	EndGlobalSection
	GlobalSection(SolutionProperties) = preSolution
		HideSolutionNode = FALSE
	EndGlobalSection
	GlobalSection(ExtensibilityGlobals) = postSolution
		SolutionGuid = {689AC90E-BDBD-4513-9043-C92B1EA0DE68}
	EndGlobalSection
EndGlobal
